
Microsoft Visual Studio Solution File, Format Version 12.00
# Visual Studio Version 16
VisualStudioVersion = 16.0.808.4
MinimumVisualStudioVersion = 10.0.40219.1
Project("{FAE04EC0-301F-11D3-BF4B-00C04F79EFBC}") = "ptg_project", "ptg_project\ptg_project.csproj", "{629445E7-AF9A-4C9E-B19D-A2B6A28409CF}"
EndProject
Global
	GlobalSection(SolutionConfigurationPlatforms) = preSolution
		Debug|Any CPU = Debug|Any CPU
		Release|Any CPU = Release|Any CPU
	EndGlobalSection
	GlobalSection(ProjectConfigurationPlatforms) = postSolution
		{629445E7-AF9A-4C9E-B19D-A2B6A28409CF}.Debug|Any CPU.ActiveCfg = Debug|Any CPU
		{629445E7-AF9A-4C9E-B19D-A2B6A28409CF}.Debug|Any CPU.Build.0 = Debug|Any CPU
		{629445E7-AF9A-4C9E-B19D-A2B6A28409CF}.Release|Any CPU.ActiveCfg = Release|Any CPU
		{629445E7-AF9A-4C9E-B19D-A2B6A28409CF}.Release|Any CPU.Build.0 = Release|Any CPU
	EndGlobalSection
	GlobalSection(SolutionProperties) = preSolution
		HideSolutionNode = FALSE
	EndGlobalSection
	GlobalSection(ExtensibilityGlobals) = postSolution
		SolutionGuid = {CD88052D-C5F9-4E77-8826-6AA1CF6C44DF}
	EndGlobalSection
EndGlobal
